
Microsoft Visual Studio Solution File, Format Version 12.00
# Visual Studio 14
VisualStudioVersion = 14.0.23107.0
MinimumVisualStudioVersion = 10.0.40219.1
Project("{FAE04EC0-301F-11D3-BF4B-00C04F79EFBC}") = "ServerFramework", "ServerFramework\ServerFramework.csproj", "{FF59A6EE-E069-4C0E-B69E-BD3CB81FB6FB}"
EndProject
Project("{00D1A9C2-B5F0-4AF3-8072-F6C62B433612}") = "FrameworkDatabase", "FrameworkDatabase\FrameworkDatabase.sqlproj", "{DF80859A-85EE-4C34-BA2C-630F200F78FE}"
EndProject
Global
	GlobalSection(SolutionConfigurationPlatforms) = preSolution
		Debug|Any CPU = Debug|Any CPU
		Release|Any CPU = Release|Any CPU
	EndGlobalSection
	GlobalSection(ProjectConfigurationPlatforms) = postSolution
		{FF59A6EE-E069-4C0E-B69E-BD3CB81FB6FB}.Debug|Any CPU.ActiveCfg = Debug|Any CPU
		{FF59A6EE-E069-4C0E-B69E-BD3CB81FB6FB}.Debug|Any CPU.Build.0 = Debug|Any CPU
		{FF59A6EE-E069-4C0E-B69E-BD3CB81FB6FB}.Release|Any CPU.ActiveCfg = Release|Any CPU
		{FF59A6EE-E069-4C0E-B69E-BD3CB81FB6FB}.Release|Any CPU.Build.0 = Release|Any CPU
		{DF80859A-85EE-4C34-BA2C-630F200F78FE}.Debug|Any CPU.ActiveCfg = Debug|Any CPU
		{DF80859A-85EE-4C34-BA2C-630F200F78FE}.Debug|Any CPU.Build.0 = Debug|Any CPU
		{DF80859A-85EE-4C34-BA2C-630F200F78FE}.Debug|Any CPU.Deploy.0 = Debug|Any CPU
		{DF80859A-85EE-4C34-BA2C-630F200F78FE}.Release|Any CPU.ActiveCfg = Release|Any CPU
		{DF80859A-85EE-4C34-BA2C-630F200F78FE}.Release|Any CPU.Build.0 = Release|Any CPU
		{DF80859A-85EE-4C34-BA2C-630F200F78FE}.Release|Any CPU.Deploy.0 = Release|Any CPU
	EndGlobalSection
	GlobalSection(SolutionProperties) = preSolution
		HideSolutionNode = FALSE
	EndGlobalSection
EndGlobal
