
Microsoft Visual Studio Solution File, Format Version 12.00
# Visual Studio 2013
VisualStudioVersion = 12.0.21005.1
MinimumVisualStudioVersion = 10.0.40219.1
Project("{FAE04EC0-301F-11D3-BF4B-00C04F79EFBC}") = "ServerFramework", "ServerFramework\ServerFramework.csproj", "{FF59A6EE-E069-4C0E-B69E-BD3CB81FB6FB}"
EndProject
Global
	GlobalSection(SolutionConfigurationPlatforms) = preSolution
		Debug|Any CPU = Debug|Any CPU
		Release|Any CPU = Release|Any CPU
	EndGlobalSection
	GlobalSection(ProjectConfigurationPlatforms) = postSolution
		{FF59A6EE-E069-4C0E-B69E-BD3CB81FB6FB}.Debug|Any CPU.ActiveCfg = Debug|Any CPU
		{FF59A6EE-E069-4C0E-B69E-BD3CB81FB6FB}.Debug|Any CPU.Build.0 = Debug|Any CPU
		{FF59A6EE-E069-4C0E-B69E-BD3CB81FB6FB}.Release|Any CPU.ActiveCfg = Release|Any CPU
		{FF59A6EE-E069-4C0E-B69E-BD3CB81FB6FB}.Release|Any CPU.Build.0 = Release|Any CPU
	EndGlobalSection
	GlobalSection(SolutionProperties) = preSolution
		HideSolutionNode = FALSE
	EndGlobalSection
EndGlobal
